// !$*UTF8*$!
{
	archiveVersion = 1;
	classes = {
	};
	objectVersion = 55;
	objects = {

/* Begin PBXBuildFile section */
		6625F38A2794E33600A8438F /* InstagramCloneApp.swift in Sources */ = {isa = PBXBuildFile; fileRef = 6625F3892794E33600A8438F /* InstagramCloneApp.swift */; };
		6625F38C2794E33600A8438F /* ContentView.swift in Sources */ = {isa = PBXBuildFile; fileRef = 6625F38B2794E33600A8438F /* ContentView.swift */; };
		6625F38E2794E33A00A8438F /* Assets.xcassets in Resources */ = {isa = PBXBuildFile; fileRef = 6625F38D2794E33A00A8438F /* Assets.xcassets */; };
		6625F3912794E33A00A8438F /* Preview Assets.xcassets in Resources */ = {isa = PBXBuildFile; fileRef = 6625F3902794E33A00A8438F /* Preview Assets.xcassets */; };
		6625F39B2794E33B00A8438F /* InstagramCloneTests.swift in Sources */ = {isa = PBXBuildFile; fileRef = 6625F39A2794E33B00A8438F /* InstagramCloneTests.swift */; };
		6625F3A52794E33B00A8438F /* InstagramCloneUITests.swift in Sources */ = {isa = PBXBuildFile; fileRef = 6625F3A42794E33B00A8438F /* InstagramCloneUITests.swift */; };
		6625F3A72794E33B00A8438F /* InstagramCloneUITestsLaunchTests.swift in Sources */ = {isa = PBXBuildFile; fileRef = 6625F3A62794E33B00A8438F /* InstagramCloneUITestsLaunchTests.swift */; };
/* End PBXBuildFile section */

/* Begin PBXContainerItemProxy section */
		6625F3972794E33B00A8438F /* PBXContainerItemProxy */ = {
			isa = PBXContainerItemProxy;
			containerPortal = 6625F37E2794E33600A8438F /* Project object */;
			proxyType = 1;
			remoteGlobalIDString = 6625F3852794E33600A8438F;
			remoteInfo = InstagramClone;
		};
		6625F3A12794E33B00A8438F /* PBXContainerItemProxy */ = {
			isa = PBXContainerItemProxy;
			containerPortal = 6625F37E2794E33600A8438F /* Project object */;
			proxyType = 1;
			remoteGlobalIDString = 6625F3852794E33600A8438F;
			remoteInfo = InstagramClone;
		};
/* End PBXContainerItemProxy section */

/* Begin PBXFileReference section */
		6625F3862794E33600A8438F /* InstagramClone.app */ = {isa = PBXFileReference; explicitFileType = wrapper.application; includeInIndex = 0; path = InstagramClone.app; sourceTree = BUILT_PRODUCTS_DIR; };
		6625F3892794E33600A8438F /* InstagramCloneApp.swift */ = {isa = PBXFileReference; lastKnownFileType = sourcecode.swift; path = InstagramCloneApp.swift; sourceTree = "<group>"; };
		6625F38B2794E33600A8438F /* ContentView.swift */ = {isa = PBXFileReference; lastKnownFileType = sourcecode.swift; path = ContentView.swift; sourceTree = "<group>"; };
		6625F38D2794E33A00A8438F /* Assets.xcassets */ = {isa = PBXFileReference; lastKnownFileType = folder.assetcatalog; path = Assets.xcassets; sourceTree = "<group>"; };
		6625F3902794E33A00A8438F /* Preview Assets.xcassets */ = {isa = PBXFileReference; lastKnownFileType = folder.assetcatalog; path = "Preview Assets.xcassets"; sourceTree = "<group>"; };
		6625F3962794E33B00A8438F /* InstagramCloneTests.xctest */ = {isa = PBXFileReference; explicitFileType = wrapper.cfbundle; includeInIndex = 0; path = InstagramCloneTests.xctest; sourceTree = BUILT_PRODUCTS_DIR; };
		6625F39A2794E33B00A8438F /* InstagramCloneTests.swift */ = {isa = PBXFileReference; lastKnownFileType = sourcecode.swift; path = InstagramCloneTests.swift; sourceTree = "<group>"; };
		6625F3A02794E33B00A8438F /* InstagramCloneUITests.xctest */ = {isa = PBXFileReference; explicitFileType = wrapper.cfbundle; includeInIndex = 0; path = InstagramCloneUITests.xctest; sourceTree = BUILT_PRODUCTS_DIR; };
		6625F3A42794E33B00A8438F /* InstagramCloneUITests.swift */ = {isa = PBXFileReference; lastKnownFileType = sourcecode.swift; path = InstagramCloneUITests.swift; sourceTree = "<group>"; };
		6625F3A62794E33B00A8438F /* InstagramCloneUITestsLaunchTests.swift */ = {isa = PBXFileReference; lastKnownFileType = sourcecode.swift; path = InstagramCloneUITestsLaunchTests.swift; sourceTree = "<group>"; };
/* End PBXFileReference section */

/* Begin PBXFrameworksBuildPhase section */
		6625F3832794E33600A8438F /* Frameworks */ = {
			isa = PBXFrameworksBuildPhase;
			buildActionMask = 2147483647;
			files = (
			);
			runOnlyForDeploymentPostprocessing = 0;
		};
		6625F3932794E33B00A8438F /* Frameworks */ = {
			isa = PBXFrameworksBuildPhase;
			buildActionMask = 2147483647;
			files = (
			);
			runOnlyForDeploymentPostprocessing = 0;
		};
		6625F39D2794E33B00A8438F /* Frameworks */ = {
			isa = PBXFrameworksBuildPhase;
			buildActionMask = 2147483647;
			files = (
			);
			runOnlyForDeploymentPostprocessing = 0;
		};
/* End PBXFrameworksBuildPhase section */

/* Begin PBXGroup section */
		6625F37D2794E33600A8438F = {
			isa = PBXGroup;
			children = (
				6625F3882794E33600A8438F /* InstagramClone */,
				6625F3992794E33B00A8438F /* InstagramCloneTests */,
				6625F3A32794E33B00A8438F /* InstagramCloneUITests */,
				6625F3872794E33600A8438F /* Products */,
			);
			sourceTree = "<group>";
		};
		6625F3872794E33600A8438F /* Products */ = {
			isa = PBXGroup;
			children = (
				6625F3862794E33600A8438F /* InstagramClone.app */,
				6625F3962794E33B00A8438F /* InstagramCloneTests.xctest */,
				6625F3A02794E33B00A8438F /* InstagramCloneUITests.xctest */,
			);
			name = Products;
			sourceTree = "<group>";
		};
		6625F3882794E33600A8438F /* InstagramClone */ = {
			isa = PBXGroup;
			children = (
				6625F3892794E33600A8438F /* InstagramCloneApp.swift */,
				6625F38B2794E33600A8438F /* ContentView.swift */,
				6625F38D2794E33A00A8438F /* Assets.xcassets */,
				6625F38F2794E33A00A8438F /* Preview Content */,
			);
			path = InstagramClone;
			sourceTree = "<group>";
		};
		6625F38F2794E33A00A8438F /* Preview Content */ = {
			isa = PBXGroup;
			children = (
				6625F3902794E33A00A8438F /* Preview Assets.xcassets */,
			);
			path = "Preview Content";
			sourceTree = "<group>";
		};
		6625F3992794E33B00A8438F /* InstagramCloneTests */ = {
			isa = PBXGroup;
			children = (
				6625F39A2794E33B00A8438F /* InstagramCloneTests.swift */,
			);
			path = InstagramCloneTests;
			sourceTree = "<group>";
		};
		6625F3A32794E33B00A8438F /* InstagramCloneUITests */ = {
			isa = PBXGroup;
			children = (
				6625F3A42794E33B00A8438F /* InstagramCloneUITests.swift */,
				6625F3A62794E33B00A8438F /* InstagramCloneUITestsLaunchTests.swift */,
			);
			path = InstagramCloneUITests;
			sourceTree = "<group>";
		};
/* End PBXGroup section */

/* Begin PBXNativeTarget section */
		6625F3852794E33600A8438F /* InstagramClone */ = {
			isa = PBXNativeTarget;
			buildConfigurationList = 6625F3AA2794E33B00A8438F /* Build configuration list for PBXNativeTarget "InstagramClone" */;
			buildPhases = (
				6625F3822794E33600A8438F /* Sources */,
				6625F3832794E33600A8438F /* Frameworks */,
				6625F3842794E33600A8438F /* Resources */,
			);
			buildRules = (
			);
			dependencies = (
			);
			name = InstagramClone;
			productName = InstagramClone;
			productReference = 6625F3862794E33600A8438F /* InstagramClone.app */;
			productType = "com.apple.product-type.application";
		};
		6625F3952794E33B00A8438F /* InstagramCloneTests */ = {
			isa = PBXNativeTarget;
			buildConfigurationList = 6625F3AD2794E33B00A8438F /* Build configuration list for PBXNativeTarget "InstagramCloneTests" */;
			buildPhases = (
				6625F3922794E33B00A8438F /* Sources */,
				6625F3932794E33B00A8438F /* Frameworks */,
				6625F3942794E33B00A8438F /* Resources */,
			);
			buildRules = (
			);
			dependencies = (
				6625F3982794E33B00A8438F /* PBXTargetDependency */,
			);
			name = InstagramCloneTests;
			productName = InstagramCloneTests;
			productReference = 6625F3962794E33B00A8438F /* InstagramCloneTests.xctest */;
			productType = "com.apple.product-type.bundle.unit-test";
		};
		6625F39F2794E33B00A8438F /* InstagramCloneUITests */ = {
			isa = PBXNativeTarget;
			buildConfigurationList = 6625F3B02794E33B00A8438F /* Build configuration list for PBXNativeTarget "InstagramCloneUITests" */;
			buildPhases = (
				6625F39C2794E33B00A8438F /* Sources */,
				6625F39D2794E33B00A8438F /* Frameworks */,
				6625F39E2794E33B00A8438F /* Resources */,
			);
			buildRules = (
			);
			dependencies = (
				6625F3A22794E33B00A8438F /* PBXTargetDependency */,
			);
			name = InstagramCloneUITests;
			productName = InstagramCloneUITests;
			productReference = 6625F3A02794E33B00A8438F /* InstagramCloneUITests.xctest */;
			productType = "com.apple.product-type.bundle.ui-testing";
		};
/* End PBXNativeTarget section */

/* Begin PBXProject section */
		6625F37E2794E33600A8438F /* Project object */ = {
			isa = PBXProject;
			attributes = {
				BuildIndependentTargetsInParallel = 1;
				LastSwiftUpdateCheck = 1320;
				LastUpgradeCheck = 1320;
				TargetAttributes = {
					6625F3852794E33600A8438F = {
						CreatedOnToolsVersion = 13.2.1;
					};
					6625F3952794E33B00A8438F = {
						CreatedOnToolsVersion = 13.2.1;
						TestTargetID = 6625F3852794E33600A8438F;
					};
					6625F39F2794E33B00A8438F = {
						CreatedOnToolsVersion = 13.2.1;
						TestTargetID = 6625F3852794E33600A8438F;
					};
				};
			};
			buildConfigurationList = 6625F3812794E33600A8438F /* Build configuration list for PBXProject "InstagramClone" */;
			compatibilityVersion = "Xcode 13.0";
			developmentRegion = en;
			hasScannedForEncodings = 0;
			knownRegions = (
				en,
				Base,
			);
			mainGroup = 6625F37D2794E33600A8438F;
			productRefGroup = 6625F3872794E33600A8438F /* Products */;
			projectDirPath = "";
			projectRoot = "";
			targets = (
				6625F3852794E33600A8438F /* InstagramClone */,
				6625F3952794E33B00A8438F /* InstagramCloneTests */,
				6625F39F2794E33B00A8438F /* InstagramCloneUITests */,
			);
		};
/* End PBXProject section */

/* Begin PBXResourcesBuildPhase section */
		6625F3842794E33600A8438F /* Resources */ = {
			isa = PBXResourcesBuildPhase;
			buildActionMask = 2147483647;
			files = (
				6625F3912794E33A00A8438F /* Preview Assets.xcassets in Resources */,
				6625F38E2794E33A00A8438F /* Assets.xcassets in Resources */,
			);
			runOnlyForDeploymentPostprocessing = 0;
		};
		6625F3942794E33B00A8438F /* Resources */ = {
			isa = PBXResourcesBuildPhase;
			buildActionMask = 2147483647;
			files = (
			);
			runOnlyForDeploymentPostprocessing = 0;
		};
		6625F39E2794E33B00A8438F /* Resources */ = {
			isa = PBXResourcesBuildPhase;
			buildActionMask = 2147483647;
			files = (
			);
			runOnlyForDeploymentPostprocessing = 0;
		};
/* End PBXResourcesBuildPhase section */

/* Begin PBXSourcesBuildPhase section */
		6625F3822794E33600A8438F /* Sources */ = {
			isa = PBXSourcesBuildPhase;
			buildActionMask = 2147483647;
			files = (
				6625F38C2794E33600A8438F /* ContentView.swift in Sources */,
				6625F38A2794E33600A8438F /* InstagramCloneApp.swift in Sources */,
			);
			runOnlyForDeploymentPostprocessing = 0;
		};
		6625F3922794E33B00A8438F /* Sources */ = {
			isa = PBXSourcesBuildPhase;
			buildActionMask = 2147483647;
			files = (
				6625F39B2794E33B00A8438F /* InstagramCloneTests.swift in Sources */,
			);
			runOnlyForDeploymentPostprocessing = 0;
		};
		6625F39C2794E33B00A8438F /* Sources */ = {
			isa = PBXSourcesBuildPhase;
			buildActionMask = 2147483647;
			files = (
				6625F3A52794E33B00A8438F /* InstagramCloneUITests.swift in Sources */,
				6625F3A72794E33B00A8438F /* InstagramCloneUITestsLaunchTests.swift in Sources */,
			);
			runOnlyForDeploymentPostprocessing = 0;
		};
/* End PBXSourcesBuildPhase section */

/* Begin PBXTargetDependency section */
		6625F3982794E33B00A8438F /* PBXTargetDependency */ = {
			isa = PBXTargetDependency;
			target = 6625F3852794E33600A8438F /* InstagramClone */;
			targetProxy = 6625F3972794E33B00A8438F /* PBXContainerItemProxy */;
		};
		6625F3A22794E33B00A8438F /* PBXTargetDependency */ = {
			isa = PBXTargetDependency;
			target = 6625F3852794E33600A8438F /* InstagramClone */;
			targetProxy = 6625F3A12794E33B00A8438F /* PBXContainerItemProxy */;
		};
/* End PBXTargetDependency section */

/* Begin XCBuildConfiguration section */
		6625F3A82794E33B00A8438F /* Debug */ = {
			isa = XCBuildConfiguration;
			buildSettings = {
				ALWAYS_SEARCH_USER_PATHS = NO;
				CLANG_ANALYZER_NONNULL = YES;
				CLANG_ANALYZER_NUMBER_OBJECT_CONVERSION = YES_AGGRESSIVE;
				CLANG_CXX_LANGUAGE_STANDARD = "gnu++17";
				CLANG_CXX_LIBRARY = "libc++";
				CLANG_ENABLE_MODULES = YES;
				CLANG_ENABLE_OBJC_ARC = YES;
				CLANG_ENABLE_OBJC_WEAK = YES;
				CLANG_WARN_BLOCK_CAPTURE_AUTORELEASING = YES;
				CLANG_WARN_BOOL_CONVERSION = YES;
				CLANG_WARN_COMMA = YES;
				CLANG_WARN_CONSTANT_CONVERSION = YES;
				CLANG_WARN_DEPRECATED_OBJC_IMPLEMENTATIONS = YES;
				CLANG_WARN_DIRECT_OBJC_ISA_USAGE = YES_ERROR;
				CLANG_WARN_DOCUMENTATION_COMMENTS = YES;
				CLANG_WARN_EMPTY_BODY = YES;
				CLANG_WARN_ENUM_CONVERSION = YES;
				CLANG_WARN_INFINITE_RECURSION = YES;
				CLANG_WARN_INT_CONVERSION = YES;
				CLANG_WARN_NON_LITERAL_NULL_CONVERSION = YES;
				CLANG_WARN_OBJC_IMPLICIT_RETAIN_SELF = YES;
				CLANG_WARN_OBJC_LITERAL_CONVERSION = YES;
				CLANG_WARN_OBJC_ROOT_CLASS = YES_ERROR;
				CLANG_WARN_QUOTED_INCLUDE_IN_FRAMEWORK_HEADER = YES;
				CLANG_WARN_RANGE_LOOP_ANALYSIS = YES;
				CLANG_WARN_STRICT_PROTOTYPES = YES;
				CLANG_WARN_SUSPICIOUS_MOVE = YES;
				CLANG_WARN_UNGUARDED_AVAILABILITY = YES_AGGRESSIVE;
				CLANG_WARN_UNREACHABLE_CODE = YES;
				CLANG_WARN__DUPLICATE_METHOD_MATCH = YES;
				COPY_PHASE_STRIP = NO;
				DEBUG_INFORMATION_FORMAT = dwarf;
				ENABLE_STRICT_OBJC_MSGSEND = YES;
				ENABLE_TESTABILITY = YES;
				GCC_C_LANGUAGE_STANDARD = gnu11;
				GCC_DYNAMIC_NO_PIC = NO;
				GCC_NO_COMMON_BLOCKS = YES;
				GCC_OPTIMIZATION_LEVEL = 0;
				GCC_PREPROCESSOR_DEFINITIONS = (
					"DEBUG=1",
					"$(inherited)",
				);
				GCC_WARN_64_TO_32_BIT_CONVERSION = YES;
				GCC_WARN_ABOUT_RETURN_TYPE = YES_ERROR;
				GCC_WARN_UNDECLARED_SELECTOR = YES;
				GCC_WARN_UNINITIALIZED_AUTOS = YES_AGGRESSIVE;
				GCC_WARN_UNUSED_FUNCTION = YES;
				GCC_WARN_UNUSED_VARIABLE = YES;
				IPHONEOS_DEPLOYMENT_TARGET = 15.2;
				MTL_ENABLE_DEBUG_INFO = INCLUDE_SOURCE;
				MTL_FAST_MATH = YES;
				ONLY_ACTIVE_ARCH = YES;
				SDKROOT = iphoneos;
				SWIFT_ACTIVE_COMPILATION_CONDITIONS = DEBUG;
				SWIFT_OPTIMIZATION_LEVEL = "-Onone";
			};
			name = Debug;
		};
		6625F3A92794E33B00A8438F /* Release */ = {
			isa = XCBuildConfiguration;
			buildSettings = {
				ALWAYS_SEARCH_USER_PATHS = NO;
				CLANG_ANALYZER_NONNULL = YES;
				CLANG_ANALYZER_NUMBER_OBJECT_CONVERSION = YES_AGGRESSIVE;
				CLANG_CXX_LANGUAGE_STANDARD = "gnu++17";
				CLANG_CXX_LIBRARY = "libc++";
				CLANG_ENABLE_MODULES = YES;
				CLANG_ENABLE_OBJC_ARC = YES;
				CLANG_ENABLE_OBJC_WEAK = YES;
				CLANG_WARN_BLOCK_CAPTURE_AUTORELEASING = YES;
				CLANG_WARN_BOOL_CONVERSION = YES;
				CLANG_WARN_COMMA = YES;
				CLANG_WARN_CONSTANT_CONVERSION = YES;
				CLANG_WARN_DEPRECATED_OBJC_IMPLEMENTATIONS = YES;
				CLANG_WARN_DIRECT_OBJC_ISA_USAGE = YES_ERROR;
				CLANG_WARN_DOCUMENTATION_COMMENTS = YES;
				CLANG_WARN_EMPTY_BODY = YES;
				CLANG_WARN_ENUM_CONVERSION = YES;
				CLANG_WARN_INFINITE_RECURSION = YES;
				CLANG_WARN_INT_CONVERSION = YES;
				CLANG_WARN_NON_LITERAL_NULL_CONVERSION = YES;
				CLANG_WARN_OBJC_IMPLICIT_RETAIN_SELF = YES;
				CLANG_WARN_OBJC_LITERAL_CONVERSION = YES;
				CLANG_WARN_OBJC_ROOT_CLASS = YES_ERROR;
				CLANG_WARN_QUOTED_INCLUDE_IN_FRAMEWORK_HEADER = YES;
				CLANG_WARN_RANGE_LOOP_ANALYSIS = YES;
				CLANG_WARN_STRICT_PROTOTYPES = YES;
				CLANG_WARN_SUSPICIOUS_MOVE = YES;
				CLANG_WARN_UNGUARDED_AVAILABILITY = YES_AGGRESSIVE;
				CLANG_WARN_UNREACHABLE_CODE = YES;
				CLANG_WARN__DUPLICATE_METHOD_MATCH = YES;
				COPY_PHASE_STRIP = NO;
				DEBUG_INFORMATION_FORMAT = "dwarf-with-dsym";
				ENABLE_NS_ASSERTIONS = NO;
				ENABLE_STRICT_OBJC_MSGSEND = YES;
				GCC_C_LANGUAGE_STANDARD = gnu11;
				GCC_NO_COMMON_BLOCKS = YES;
				GCC_WARN_64_TO_32_BIT_CONVERSION = YES;
				GCC_WARN_ABOUT_RETURN_TYPE = YES_ERROR;
				GCC_WARN_UNDECLARED_SELECTOR = YES;
				GCC_WARN_UNINITIALIZED_AUTOS = YES_AGGRESSIVE;
				GCC_WARN_UNUSED_FUNCTION = YES;
				GCC_WARN_UNUSED_VARIABLE = YES;
				IPHONEOS_DEPLOYMENT_TARGET = 15.2;
				MTL_ENABLE_DEBUG_INFO = NO;
				MTL_FAST_MATH = YES;
				SDKROOT = iphoneos;
				SWIFT_COMPILATION_MODE = wholemodule;
				SWIFT_OPTIMIZATION_LEVEL = "-O";
				VALIDATE_PRODUCT = YES;
			};
			name = Release;
		};
		6625F3AB2794E33B00A8438F /* Debug */ = {
			isa = XCBuildConfiguration;
			buildSettings = {
				ASSETCATALOG_COMPILER_APPICON_NAME = AppIcon;
				ASSETCATALOG_COMPILER_GLOBAL_ACCENT_COLOR_NAME = AccentColor;
				CODE_SIGN_STYLE = Automatic;
				CURRENT_PROJECT_VERSION = 1;
				DEVELOPMENT_ASSET_PATHS = "\"InstagramClone/Preview Content\"";
				DEVELOPMENT_TEAM = SBS6PCTEQ9;
				ENABLE_PREVIEWS = YES;
				GENERATE_INFOPLIST_FILE = YES;
				INFOPLIST_KEY_UIApplicationSceneManifest_Generation = YES;
				INFOPLIST_KEY_UIApplicationSupportsIndirectInputEvents = YES;
				INFOPLIST_KEY_UILaunchScreen_Generation = YES;
				INFOPLIST_KEY_UISupportedInterfaceOrientations_iPad = "UIInterfaceOrientationPortrait UIInterfaceOrientationPortraitUpsideDown UIInterfaceOrientationLandscapeLeft UIInterfaceOrientationLandscapeRight";
				INFOPLIST_KEY_UISupportedInterfaceOrientations_iPhone = "UIInterfaceOrientationPortrait UIInterfaceOrientationLandscapeLeft UIInterfaceOrientationLandscapeRight";
				LD_RUNPATH_SEARCH_PATHS = (
					"$(inherited)",
					"@executable_path/Frameworks",
				);
				MARKETING_VERSION = 1.0;
				PRODUCT_BUNDLE_IDENTIFIER = com.DrewBrokamp.InstagramClone;
				PRODUCT_NAME = "$(TARGET_NAME)";
				SWIFT_EMIT_LOC_STRINGS = YES;
				SWIFT_VERSION = 5.0;
				TARGETED_DEVICE_FAMILY = "1,2";
			};
			name = Debug;
		};
		6625F3AC2794E33B00A8438F /* Release */ = {
			isa = XCBuildConfiguration;
			buildSettings = {
				ASSETCATALOG_COMPILER_APPICON_NAME = AppIcon;
				ASSETCATALOG_COMPILER_GLOBAL_ACCENT_COLOR_NAME = AccentColor;
				CODE_SIGN_STYLE = Automatic;
				CURRENT_PROJECT_VERSION = 1;
				DEVELOPMENT_ASSET_PATHS = "\"InstagramClone/Preview Content\"";
				DEVELOPMENT_TEAM = SBS6PCTEQ9;
				ENABLE_PREVIEWS = YES;
				GENERATE_INFOPLIST_FILE = YES;
				INFOPLIST_KEY_UIApplicationSceneManifest_Generation = YES;
				INFOPLIST_KEY_UIApplicationSupportsIndirectInputEvents = YES;
				INFOPLIST_KEY_UILaunchScreen_Generation = YES;
				INFOPLIST_KEY_UISupportedInterfaceOrientations_iPad = "UIInterfaceOrientationPortrait UIInterfaceOrientationPortraitUpsideDown UIInterfaceOrientationLandscapeLeft UIInterfaceOrientationLandscapeRight";
				INFOPLIST_KEY_UISupportedInterfaceOrientations_iPhone = "UIInterfaceOrientationPortrait UIInterfaceOrientationLandscapeLeft UIInterfaceOrientationLandscapeRight";
				LD_RUNPATH_SEARCH_PATHS = (
					"$(inherited)",
					"@executable_path/Frameworks",
				);
				MARKETING_VERSION = 1.0;
				PRODUCT_BUNDLE_IDENTIFIER = com.DrewBrokamp.InstagramClone;
				PRODUCT_NAME = "$(TARGET_NAME)";
				SWIFT_EMIT_LOC_STRINGS = YES;
				SWIFT_VERSION = 5.0;
				TARGETED_DEVICE_FAMILY = "1,2";
			};
			name = Release;
		};
		6625F3AE2794E33B00A8438F /* Debug */ = {
			isa = XCBuildConfiguration;
			buildSettings = {
				ALWAYS_EMBED_SWIFT_STANDARD_LIBRARIES = YES;
				BUNDLE_LOADER = "$(TEST_HOST)";
				CODE_SIGN_STYLE = Automatic;
				CURRENT_PROJECT_VERSION = 1;
				DEVELOPMENT_TEAM = SBS6PCTEQ9;
				GENERATE_INFOPLIST_FILE = YES;
				IPHONEOS_DEPLOYMENT_TARGET = 15.2;
				MARKETING_VERSION = 1.0;
				PRODUCT_BUNDLE_IDENTIFIER = com.DrewBrokamp.InstagramCloneTests;
				PRODUCT_NAME = "$(TARGET_NAME)";
				SWIFT_EMIT_LOC_STRINGS = NO;
				SWIFT_VERSION = 5.0;
				TARGETED_DEVICE_FAMILY = "1,2";
				TEST_HOST = "$(BUILT_PRODUCTS_DIR)/InstagramClone.app/InstagramClone";
			};
			name = Debug;
		};
		6625F3AF2794E33B00A8438F /* Release */ = {
			isa = XCBuildConfiguration;
			buildSettings = {
				ALWAYS_EMBED_SWIFT_STANDARD_LIBRARIES = YES;
				BUNDLE_LOADER = "$(TEST_HOST)";
				CODE_SIGN_STYLE = Automatic;
				CURRENT_PROJECT_VERSION = 1;
				DEVELOPMENT_TEAM = SBS6PCTEQ9;
				GENERATE_INFOPLIST_FILE = YES;
				IPHONEOS_DEPLOYMENT_TARGET = 15.2;
				MARKETING_VERSION = 1.0;
				PRODUCT_BUNDLE_IDENTIFIER = com.DrewBrokamp.InstagramCloneTests;
				PRODUCT_NAME = "$(TARGET_NAME)";
				SWIFT_EMIT_LOC_STRINGS = NO;
				SWIFT_VERSION = 5.0;
				TARGETED_DEVICE_FAMILY = "1,2";
				TEST_HOST = "$(BUILT_PRODUCTS_DIR)/InstagramClone.app/InstagramClone";
			};
			name = Release;
		};
		6625F3B12794E33B00A8438F /* Debug */ = {
			isa = XCBuildConfiguration;
			buildSettings = {
				ALWAYS_EMBED_SWIFT_STANDARD_LIBRARIES = YES;
				CODE_SIGN_STYLE = Automatic;
				CURRENT_PROJECT_VERSION = 1;
				DEVELOPMENT_TEAM = SBS6PCTEQ9;
				GENERATE_INFOPLIST_FILE = YES;
				MARKETING_VERSION = 1.0;
				PRODUCT_BUNDLE_IDENTIFIER = com.DrewBrokamp.InstagramCloneUITests;
				PRODUCT_NAME = "$(TARGET_NAME)";
				SWIFT_EMIT_LOC_STRINGS = NO;
				SWIFT_VERSION = 5.0;
				TARGETED_DEVICE_FAMILY = "1,2";
				TEST_TARGET_NAME = InstagramClone;
			};
			name = Debug;
		};
		6625F3B22794E33B00A8438F /* Release */ = {
			isa = XCBuildConfiguration;
			buildSettings = {
				ALWAYS_EMBED_SWIFT_STANDARD_LIBRARIES = YES;
				CODE_SIGN_STYLE = Automatic;
				CURRENT_PROJECT_VERSION = 1;
				DEVELOPMENT_TEAM = SBS6PCTEQ9;
				GENERATE_INFOPLIST_FILE = YES;
				MARKETING_VERSION = 1.0;
				PRODUCT_BUNDLE_IDENTIFIER = com.DrewBrokamp.InstagramCloneUITests;
				PRODUCT_NAME = "$(TARGET_NAME)";
				SWIFT_EMIT_LOC_STRINGS = NO;
				SWIFT_VERSION = 5.0;
				TARGETED_DEVICE_FAMILY = "1,2";
				TEST_TARGET_NAME = InstagramClone;
			};
			name = Release;
		};
/* End XCBuildConfiguration section */

/* Begin XCConfigurationList section */
		6625F3812794E33600A8438F /* Build configuration list for PBXProject "InstagramClone" */ = {
			isa = XCConfigurationList;
			buildConfigurations = (
				6625F3A82794E33B00A8438F /* Debug */,
				6625F3A92794E33B00A8438F /* Release */,
			);
			defaultConfigurationIsVisible = 0;
			defaultConfigurationName = Release;
		};
		6625F3AA2794E33B00A8438F /* Build configuration list for PBXNativeTarget "InstagramClone" */ = {
			isa = XCConfigurationList;
			buildConfigurations = (
				6625F3AB2794E33B00A8438F /* Debug */,
				6625F3AC2794E33B00A8438F /* Release */,
			);
			defaultConfigurationIsVisible = 0;
			defaultConfigurationName = Release;
		};
		6625F3AD2794E33B00A8438F /* Build configuration list for PBXNativeTarget "InstagramCloneTests" */ = {
			isa = XCConfigurationList;
			buildConfigurations = (
				6625F3AE2794E33B00A8438F /* Debug */,
				6625F3AF2794E33B00A8438F /* Release */,
			);
			defaultConfigurationIsVisible = 0;
			defaultConfigurationName = Release;
		};
		6625F3B02794E33B00A8438F /* Build configuration list for PBXNativeTarget "InstagramCloneUITests" */ = {
			isa = XCConfigurationList;
			buildConfigurations = (
				6625F3B12794E33B00A8438F /* Debug */,
				6625F3B22794E33B00A8438F /* Release */,
			);
			defaultConfigurationIsVisible = 0;
			defaultConfigurationName = Release;
		};
/* End XCConfigurationList section */
	};
	rootObject = 6625F37E2794E33600A8438F /* Project object */;
}
